PATH
  remote: .
  specs:
    rouge-lexer-yara-l (0.3.2)
      rouge (>= 3.0)

GEM
  remote: https://rubygems.org/
  specs:
    minitest (5.27.0)
    nio4r (2.7.5)
    puma (7.2.0)
      nio4r (~> 2.0)
    rack (3.2.5)
    rackup (2.3.1)
      rack (>= 3)
    rake (13.3.1)
    rouge (4.7.0)

PLATFORMS
  ruby
  x86_64-linux-gnu

DEPENDENCIES
  minitest (~> 5.0)
  puma
  rackup
  rake (~> 13.0)
  rouge-lexer-yara-l!

BUNDLED WITH
   2.4.20
