PATH
  remote: .
  specs:
    rouge-lexer-yara-l (0.1.0)
      rouge (>= 3.0)

GEM
  remote: https://rubygems.org/
  specs:
    minitest (5.27.0)
    nio4r (2.7.5)
    puma (7.2.0)
      nio4r (~> 2.0)
    rack (3.2.5)
    rackup (2.3.1)
      rack (>= 3)
    rake (13.3.1)
    rouge (4.7.0)

PLATFORMS
  ruby
  x86_64-linux-gnu

DEPENDENCIES
  minitest (~> 5.0)
  puma
  rackup
  rake (~> 13.0)
  rouge-lexer-yara-l!

CHECKSUMS
  minitest (5.27.0) sha256=2d3b17f8a36fe7801c1adcffdbc38233b938eb0b4966e97a6739055a45fa77d5
  nio4r (2.7.5) sha256=6c90168e48fb5f8e768419c93abb94ba2b892a1d0602cb06eef16d8b7df1dca1
  puma (7.2.0) sha256=bf8ef4ab514a4e6d4554cb4326b2004eba5036ae05cf765cfe51aba9706a72a8
  rack (3.2.5) sha256=4cbd0974c0b79f7a139b4812004a62e4c60b145cba76422e288ee670601ed6d3
  rackup (2.3.1) sha256=6c79c26753778e90983761d677a48937ee3192b3ffef6bc963c0950f94688868
  rake (13.3.1) sha256=8c9e89d09f66a26a01264e7e3480ec0607f0c497a861ef16063604b1b08eb19c
  rouge (4.7.0) sha256=dba5896715c0325c362e895460a6d350803dbf6427454f49a47500f3193ea739
  rouge-lexer-yara-l (0.1.0)

BUNDLED WITH
  4.0.7
